{
  "name": "my-facebook",
  "version": "1.0.0",
  "lockfileVersion": 3,
  "requires": true,
  "packages": {
    "": {
      "name": "my-facebook",
      "version": "1.0.0",
      "dependencies": {
        "@emoji-mart/data": "^1.2.1",
        "@heroicons/react": "^2.2.0",
        "emoji-mart": "^5.6.0"
      },
      "devDependencies": {
        "@types/node": "^24.0.10"
      }
    }
  }
} 